{
  "name": "core",
  "version": "1.0.0",
  "lockfileVersion": 1,
  "requires": true,
  "dependencies": {
    "@babel/runtime": {
      "version": "7.13.10",
      "resolved": "https://registry.npmjs.org/@babel/runtime/-/runtime-7.13.10.tgz",
      "integrity": "sha512-4QPkjJq6Ns3V/RgpEahRk+AGfL0eO6RHHtTWoNNr5mO49G6B5+X6d6THgWEAvTrznU5xYpbAlVKRYcsCgh/Akw==",
      "requires": {
        "regenerator-runtime": "^0.13.4"
      }
    },
    "@babel/runtime-corejs3": {
      "version": "7.13.10",
      "resolved": "https://registry.npmjs.org/@babel/runtime-corejs3/-/runtime-corejs3-7.13.10.tgz",
      "integrity": "sha512-x/XYVQ1h684pp1mJwOV4CyvqZXqbc8CMsMGUnAbuc82ZCdv1U63w5RSUzgDSXQHG5Rps/kiksH6g2D5BuaKyXg==",
      "requires": {
        "core-js-pure": "^3.0.0",
        "regenerator-runtime": "^0.13.4"
      }
    },
    "core-js-pure": {
      "version": "3.12.1",
      "resolved": "https://registry.npmjs.org/core-js-pure/-/core-js-pure-3.12.1.tgz",
      "integrity": "sha512-1cch+qads4JnDSWsvc7d6nzlKAippwjUlf6vykkTLW53VSV+NkE6muGBToAjEA8pG90cSfcud3JgVmW2ds5TaQ=="
    },
    "crypto-js": {
      "version": "4.0.0",
      "resolved": "https://registry.npmjs.org/crypto-js/-/crypto-js-4.0.0.tgz",
      "integrity": "sha512-bzHZN8Pn+gS7DQA6n+iUmBfl0hO5DJq++QP3U6uTucDtk/0iGpXd/Gg7CGR0p8tJhofJyaKoWBuJI4eAO00BBg==",
      "optional": true
    },
    "idb-keyval": {
      "version": "5.0.4",
      "resolved": "https://registry.npmjs.org/idb-keyval/-/idb-keyval-5.0.4.tgz",
      "integrity": "sha512-qS0kplHuadZujoE90ze0NUkhW0/Fbfib7d+mYNMXNEn45NSh2NWY3fBewoX4GZUsKkGHBgc8JiAwMx0zrfL3LQ=="
    },
    "mobx": {
      "version": "5.9.4",
      "resolved": "https://registry.npmjs.org/mobx/-/mobx-5.9.4.tgz",
      "integrity": "sha512-L9JjTX2rtQUAhCIgnHokfntNOsF14uioT9LqStf6Mya+16j56ZBe21E8Y9V59tfr2aH2kLQPD10qtCJXBuTAxw=="
    },
    "parse": {
      "version": "3.2.0",
      "resolved": "https://registry.npmjs.org/parse/-/parse-3.2.0.tgz",
      "integrity": "sha512-yncA9l0LneOzzBFACVjdPNpWuNGQ/LhXGEO/qj6vYAyJpwWabNf7Eq2ucMAWzALb13KDRoAiTlb2cH3Nt/S9gw==",
      "requires": {
        "@babel/runtime": "7.13.10",
        "@babel/runtime-corejs3": "7.13.10",
        "crypto-js": "4.0.0",
        "idb-keyval": "5.0.4",
        "react-native-crypto-js": "1.0.0",
        "uuid": "3.4.0",
        "ws": "7.4.4",
        "xmlhttprequest": "1.8.0"
      }
    },
    "react-native-crypto-js": {
      "version": "1.0.0",
      "resolved": "https://registry.npmjs.org/react-native-crypto-js/-/react-native-crypto-js-1.0.0.tgz",
      "integrity": "sha512-FNbLuG/HAdapQoybeZSoes1PWdOj0w242gb+e1R0hicf3Gyj/Mf8M9NaED2AnXVOX01b2FXomwUiw1xP1K+8sA=="
    },
    "regenerator-runtime": {
      "version": "0.13.7",
      "resolved": "https://registry.npmjs.org/regenerator-runtime/-/regenerator-runtime-0.13.7.tgz",
      "integrity": "sha512-a54FxoJDIr27pgf7IgeQGxmqUNYrcV338lf/6gH456HZ/PhX+5BcwHXG9ajESmwe6WRO0tAzRUrRmNONWgkrew=="
    },
    "rxjs": {
      "version": "6.6.7",
      "resolved": "https://registry.npmjs.org/rxjs/-/rxjs-6.6.7.tgz",
      "integrity": "sha512-hTdwr+7yYNIT5n4AMYp85KA6yw2Va0FLa3Rguvbpa4W3I5xynaBZo41cM3XM+4Q6fRMj3sBYIR1VAmZMXYJvRQ==",
      "requires": {
        "tslib": "^1.9.0"
      }
    },
    "tslib": {
      "version": "1.14.1",
      "resolved": "https://registry.npmjs.org/tslib/-/tslib-1.14.1.tgz",
      "integrity": "sha512-Xni35NKzjgMrwevysHTCArtLDpPvye8zV/0E4EyYn43P7/7qvQwPh9BGkHewbMulVntbigmcT7rdX3BNo9wRJg=="
    },
    "uuid": {
      "version": "3.4.0",
      "resolved": "https://registry.npmjs.org/uuid/-/uuid-3.4.0.tgz",
      "integrity": "sha512-HjSDRw6gZE5JMggctHBcjVak08+KEVhSIiDzFnT9S9aegmp85S/bReBVTb4QTFaRNptJ9kuYaNhnbNEOkbKb/A=="
    },
    "ws": {
      "version": "7.4.4",
      "resolved": "https://registry.npmjs.org/ws/-/ws-7.4.4.tgz",
      "integrity": "sha512-Qm8k8ojNQIMx7S+Zp8u/uHOx7Qazv3Yv4q68MiWWWOJhiwG5W3x7iqmRtJo8xxrciZUY4vRxUTJCKuRnF28ZZw=="
    },
    "xmlhttprequest": {
      "version": "1.8.0",
      "resolved": "https://registry.npmjs.org/xmlhttprequest/-/xmlhttprequest-1.8.0.tgz",
      "integrity": "sha1-Z/4HXFwk/vOfnWX197f+dRcZaPw="
    }
  }
}
